// !$*UTF8*$!
{
	archiveVersion = 1;
	classes = {
	};
	objectVersion = 46;
	objects = {

/* Begin PBXBuildFile section */
		D2BD74491DBDE23000C7054C /* main.m in Sources */ = {isa = PBXBuildFile; fileRef = D2BD74481DBDE23000C7054C /* main.m */; };
		D2BD744C1DBDE23000C7054C /* AppDelegate.m in Sources */ = {isa = PBXBuildFile; fileRef = D2BD744B1DBDE23000C7054C /* AppDelegate.m */; };
		D2BD744F1DBDE23100C7054C /* ViewController.m in Sources */ = {isa = PBXBuildFile; fileRef = D2BD744E1DBDE23100C7054C /* ViewController.m */; };
		D2BD74521DBDE23100C7054C /* Main.storyboard in Resources */ = {isa = PBXBuildFile; fileRef = D2BD74501DBDE23100C7054C /* Main.storyboard */; };
		D2BD74551DBDE23100C7054C /* CoreData_Multithreaded.xcdatamodeld in Sources */ = {isa = PBXBuildFile; fileRef = D2BD74531DBDE23100C7054C /* CoreData_Multithreaded.xcdatamodeld */; };
		D2BD74571DBDE23100C7054C /* Assets.xcassets in Resources */ = {isa = PBXBuildFile; fileRef = D2BD74561DBDE23100C7054C /* Assets.xcassets */; };
		D2BD745A1DBDE23100C7054C /* LaunchScreen.storyboard in Resources */ = {isa = PBXBuildFile; fileRef = D2BD74581DBDE23100C7054C /* LaunchScreen.storyboard */; };
		D2BD74661DBDE7F100C7054C /* Person.m in Sources */ = {isa = PBXBuildFile; fileRef = D2BD74641DBDE7F100C7054C /* Person.m */; };
		D2BD74691DBE1CFF00C7054C /* CoreDataStack.m in Sources */ = {isa = PBXBuildFile; fileRef = D2BD74681DBE1CFF00C7054C /* CoreDataStack.m */; };
/* End PBXBuildFile section */

/* Begin PBXFileReference section */
		D2BD74441DBDE23000C7054C /* CoreData_Multithreaded.app */ = {isa = PBXFileReference; explicitFileType = wrapper.application; includeInIndex = 0; path = CoreData_Multithreaded.app; sourceTree = BUILT_PRODUCTS_DIR; };
		D2BD74481DBDE23000C7054C /* main.m */ = {isa = PBXFileReference; lastKnownFileType = sourcecode.c.objc; path = main.m; sourceTree = "<group>"; };
		D2BD744A1DBDE23000C7054C /* AppDelegate.h */ = {isa = PBXFileReference; lastKnownFileType = sourcecode.c.h; path = AppDelegate.h; sourceTree = "<group>"; };
		D2BD744B1DBDE23000C7054C /* AppDelegate.m */ = {isa = PBXFileReference; lastKnownFileType = sourcecode.c.objc; path = AppDelegate.m; sourceTree = "<group>"; };
		D2BD744D1DBDE23100C7054C /* ViewController.h */ = {isa = PBXFileReference; lastKnownFileType = sourcecode.c.h; path = ViewController.h; sourceTree = "<group>"; };
		D2BD744E1DBDE23100C7054C /* ViewController.m */ = {isa = PBXFileReference; lastKnownFileType = sourcecode.c.objc; path = ViewController.m; sourceTree = "<group>"; };
		D2BD74511DBDE23100C7054C /* Base */ = {isa = PBXFileReference; lastKnownFileType = file.storyboard; name = Base; path = Base.lproj/Main.storyboard; sourceTree = "<group>"; };
		D2BD74541DBDE23100C7054C /* CoreData_Multithreaded.xcdatamodel */ = {isa = PBXFileReference; lastKnownFileType = wrapper.xcdatamodel; path = CoreData_Multithreaded.xcdatamodel; sourceTree = "<group>"; };
		D2BD74561DBDE23100C7054C /* Assets.xcassets */ = {isa = PBXFileReference; lastKnownFileType = folder.assetcatalog; path = Assets.xcassets; sourceTree = "<group>"; };
		D2BD74591DBDE23100C7054C /* Base */ = {isa = PBXFileReference; lastKnownFileType = file.storyboard; name = Base; path = Base.lproj/LaunchScreen.storyboard; sourceTree = "<group>"; };
		D2BD745B1DBDE23100C7054C /* Info.plist */ = {isa = PBXFileReference; lastKnownFileType = text.plist.xml; path = Info.plist; sourceTree = "<group>"; };
		D2BD74631DBDE7F100C7054C /* Person.h */ = {isa = PBXFileReference; fileEncoding = 4; lastKnownFileType = sourcecode.c.h; path = Person.h; sourceTree = "<group>"; };
		D2BD74641DBDE7F100C7054C /* Person.m */ = {isa = PBXFileReference; fileEncoding = 4; lastKnownFileType = sourcecode.c.objc; path = Person.m; sourceTree = "<group>"; };
		D2BD74671DBE1CFF00C7054C /* CoreDataStack.h */ = {isa = PBXFileReference; fileEncoding = 4; lastKnownFileType = sourcecode.c.h; path = CoreDataStack.h; sourceTree = "<group>"; };
		D2BD74681DBE1CFF00C7054C /* CoreDataStack.m */ = {isa = PBXFileReference; fileEncoding = 4; lastKnownFileType = sourcecode.c.objc; path = CoreDataStack.m; sourceTree = "<group>"; };
/* End PBXFileReference section */

/* Begin PBXFrameworksBuildPhase section */
		D2BD74411DBDE23000C7054C /* Frameworks */ = {
			isa = PBXFrameworksBuildPhase;
			buildActionMask = 2147483647;
			files = (
			);
			runOnlyForDeploymentPostprocessing = 0;
		};
/* End PBXFrameworksBuildPhase section */

/* Begin PBXGroup section */
		D2BD743B1DBDE23000C7054C = {
			isa = PBXGroup;
			children = (
				D2BD74631DBDE7F100C7054C /* Person.h */,
				D2BD74641DBDE7F100C7054C /* Person.m */,
				D2BD74461DBDE23000C7054C /* CoreData_Multithreaded */,
				D2BD74451DBDE23000C7054C /* Products */,
			);
			sourceTree = "<group>";
		};
		D2BD74451DBDE23000C7054C /* Products */ = {
			isa = PBXGroup;
			children = (
				D2BD74441DBDE23000C7054C /* CoreData_Multithreaded.app */,
			);
			name = Products;
			sourceTree = "<group>";
		};
		D2BD74461DBDE23000C7054C /* CoreData_Multithreaded */ = {
			isa = PBXGroup;
			children = (
				D2BD744A1DBDE23000C7054C /* AppDelegate.h */,
				D2BD744B1DBDE23000C7054C /* AppDelegate.m */,
				D2BD744D1DBDE23100C7054C /* ViewController.h */,
				D2BD744E1DBDE23100C7054C /* ViewController.m */,
				D2BD74501DBDE23100C7054C /* Main.storyboard */,
				D2BD74561DBDE23100C7054C /* Assets.xcassets */,
				D2BD74581DBDE23100C7054C /* LaunchScreen.storyboard */,
				D2BD745B1DBDE23100C7054C /* Info.plist */,
				D2BD74531DBDE23100C7054C /* CoreData_Multithreaded.xcdatamodeld */,
				D2BD74471DBDE23000C7054C /* Supporting Files */,
				D2BD74671DBE1CFF00C7054C /* CoreDataStack.h */,
				D2BD74681DBE1CFF00C7054C /* CoreDataStack.m */,
			);
			path = CoreData_Multithreaded;
			sourceTree = "<group>";
		};
		D2BD74471DBDE23000C7054C /* Supporting Files */ = {
			isa = PBXGroup;
			children = (
				D2BD74481DBDE23000C7054C /* main.m */,
			);
			name = "Supporting Files";
			sourceTree = "<group>";
		};
/* End PBXGroup section */

/* Begin PBXNativeTarget section */
		D2BD74431DBDE23000C7054C /* CoreData_Multithreaded */ = {
			isa = PBXNativeTarget;
			buildConfigurationList = D2BD745E1DBDE23100C7054C /* Build configuration list for PBXNativeTarget "CoreData_Multithreaded" */;
			buildPhases = (
				D2BD74401DBDE23000C7054C /* Sources */,
				D2BD74411DBDE23000C7054C /* Frameworks */,
				D2BD74421DBDE23000C7054C /* Resources */,
			);
			buildRules = (
			);
			dependencies = (
			);
			name = CoreData_Multithreaded;
			productName = CoreData_Multithreaded;
			productReference = D2BD74441DBDE23000C7054C /* CoreData_Multithreaded.app */;
			productType = "com.apple.product-type.application";
		};
/* End PBXNativeTarget section */

/* Begin PBXProject section */
		D2BD743C1DBDE23000C7054C /* Project object */ = {
			isa = PBXProject;
			attributes = {
				LastUpgradeCheck = 0730;
				ORGANIZATIONNAME = akash;
				TargetAttributes = {
					D2BD74431DBDE23000C7054C = {
						CreatedOnToolsVersion = 7.3.1;
					};
				};
			};
			buildConfigurationList = D2BD743F1DBDE23000C7054C /* Build configuration list for PBXProject "CoreData_Multithreaded" */;
			compatibilityVersion = "Xcode 3.2";
			developmentRegion = English;
			hasScannedForEncodings = 0;
			knownRegions = (
				en,
				Base,
			);
			mainGroup = D2BD743B1DBDE23000C7054C;
			productRefGroup = D2BD74451DBDE23000C7054C /* Products */;
			projectDirPath = "";
			projectRoot = "";
			targets = (
				D2BD74431DBDE23000C7054C /* CoreData_Multithreaded */,
			);
		};
/* End PBXProject section */

/* Begin PBXResourcesBuildPhase section */
		D2BD74421DBDE23000C7054C /* Resources */ = {
			isa = PBXResourcesBuildPhase;
			buildActionMask = 2147483647;
			files = (
				D2BD745A1DBDE23100C7054C /* LaunchScreen.storyboard in Resources */,
				D2BD74571DBDE23100C7054C /* Assets.xcassets in Resources */,
				D2BD74521DBDE23100C7054C /* Main.storyboard in Resources */,
			);
			runOnlyForDeploymentPostprocessing = 0;
		};
/* End PBXResourcesBuildPhase section */

/* Begin PBXSourcesBuildPhase section */
		D2BD74401DBDE23000C7054C /* Sources */ = {
			isa = PBXSourcesBuildPhase;
			buildActionMask = 2147483647;
			files = (
				D2BD74661DBDE7F100C7054C /* Person.m in Sources */,
				D2BD744F1DBDE23100C7054C /* ViewController.m in Sources */,
				D2BD74551DBDE23100C7054C /* CoreData_Multithreaded.xcdatamodeld in Sources */,
				D2BD744C1DBDE23000C7054C /* AppDelegate.m in Sources */,
				D2BD74491DBDE23000C7054C /* main.m in Sources */,
				D2BD74691DBE1CFF00C7054C /* CoreDataStack.m in Sources */,
			);
			runOnlyForDeploymentPostprocessing = 0;
		};
/* End PBXSourcesBuildPhase section */

/* Begin PBXVariantGroup section */
		D2BD74501DBDE23100C7054C /* Main.storyboard */ = {
			isa = PBXVariantGroup;
			children = (
				D2BD74511DBDE23100C7054C /* Base */,
			);
			name = Main.storyboard;
			sourceTree = "<group>";
		};
		D2BD74581DBDE23100C7054C /* LaunchScreen.storyboard */ = {
			isa = PBXVariantGroup;
			children = (
				D2BD74591DBDE23100C7054C /* Base */,
			);
			name = LaunchScreen.storyboard;
			sourceTree = "<group>";
		};
/* End PBXVariantGroup section */

/* Begin XCBuildConfiguration section */
		D2BD745C1DBDE23100C7054C /* Debug */ = {
			isa = XCBuildConfiguration;
			buildSettings = {
				ALWAYS_SEARCH_USER_PATHS = NO;
				CLANG_ANALYZER_NONNULL = YES;
				CLANG_CXX_LANGUAGE_STANDARD = "gnu++0x";
				CLANG_CXX_LIBRARY = "libc++";
				CLANG_ENABLE_MODULES = YES;
				CLANG_ENABLE_OBJC_ARC = YES;
				CLANG_WARN_BOOL_CONVERSION = YES;
				CLANG_WARN_CONSTANT_CONVERSION = YES;
				CLANG_WARN_DIRECT_OBJC_ISA_USAGE = YES_ERROR;
				CLANG_WARN_EMPTY_BODY = YES;
				CLANG_WARN_ENUM_CONVERSION = YES;
				CLANG_WARN_INT_CONVERSION = YES;
				CLANG_WARN_OBJC_ROOT_CLASS = YES_ERROR;
				CLANG_WARN_UNREACHABLE_CODE = YES;
				CLANG_WARN__DUPLICATE_METHOD_MATCH = YES;
				"CODE_SIGN_IDENTITY[sdk=iphoneos*]" = "iPhone Developer";
				COPY_PHASE_STRIP = NO;
				DEBUG_INFORMATION_FORMAT = dwarf;
				ENABLE_STRICT_OBJC_MSGSEND = YES;
				ENABLE_TESTABILITY = YES;
				GCC_C_LANGUAGE_STANDARD = gnu99;
				GCC_DYNAMIC_NO_PIC = NO;
				GCC_NO_COMMON_BLOCKS = YES;
				GCC_OPTIMIZATION_LEVEL = 0;
				GCC_PREPROCESSOR_DEFINITIONS = (
					"DEBUG=1",
					"$(inherited)",
				);
				GCC_WARN_64_TO_32_BIT_CONVERSION = YES;
				GCC_WARN_ABOUT_RETURN_TYPE = YES_ERROR;
				GCC_WARN_UNDECLARED_SELECTOR = YES;
				GCC_WARN_UNINITIALIZED_AUTOS = YES_AGGRESSIVE;
				GCC_WARN_UNUSED_FUNCTION = YES;
				GCC_WARN_UNUSED_VARIABLE = YES;
				IPHONEOS_DEPLOYMENT_TARGET = 9.3;
				MTL_ENABLE_DEBUG_INFO = YES;
				ONLY_ACTIVE_ARCH = YES;
				SDKROOT = iphoneos;
			};
			name = Debug;
		};
		D2BD745D1DBDE23100C7054C /* Release */ = {
			isa = XCBuildConfiguration;
			buildSettings = {
				ALWAYS_SEARCH_USER_PATHS = NO;
				CLANG_ANALYZER_NONNULL = YES;
				CLANG_CXX_LANGUAGE_STANDARD = "gnu++0x";
				CLANG_CXX_LIBRARY = "libc++";
				CLANG_ENABLE_MODULES = YES;
				CLANG_ENABLE_OBJC_ARC = YES;
				CLANG_WARN_BOOL_CONVERSION = YES;
				CLANG_WARN_CONSTANT_CONVERSION = YES;
				CLANG_WARN_DIRECT_OBJC_ISA_USAGE = YES_ERROR;
				CLANG_WARN_EMPTY_BODY = YES;
				CLANG_WARN_ENUM_CONVERSION = YES;
				CLANG_WARN_INT_CONVERSION = YES;
				CLANG_WARN_OBJC_ROOT_CLASS = YES_ERROR;
				CLANG_WARN_UNREACHABLE_CODE = YES;
				CLANG_WARN__DUPLICATE_METHOD_MATCH = YES;
				"CODE_SIGN_IDENTITY[sdk=iphoneos*]" = "iPhone Developer";
				COPY_PHASE_STRIP = NO;
				DEBUG_INFORMATION_FORMAT = "dwarf-with-dsym";
				ENABLE_NS_ASSERTIONS = NO;
				ENABLE_STRICT_OBJC_MSGSEND = YES;
				GCC_C_LANGUAGE_STANDARD = gnu99;
				GCC_NO_COMMON_BLOCKS = YES;
				GCC_WARN_64_TO_32_BIT_CONVERSION = YES;
				GCC_WARN_ABOUT_RETURN_TYPE = YES_ERROR;
				GCC_WARN_UNDECLARED_SELECTOR = YES;
				GCC_WARN_UNINITIALIZED_AUTOS = YES_AGGRESSIVE;
				GCC_WARN_UNUSED_FUNCTION = YES;
				GCC_WARN_UNUSED_VARIABLE = YES;
				IPHONEOS_DEPLOYMENT_TARGET = 9.3;
				MTL_ENABLE_DEBUG_INFO = NO;
				SDKROOT = iphoneos;
				VALIDATE_PRODUCT = YES;
			};
			name = Release;
		};
		D2BD745F1DBDE23100C7054C /* Debug */ = {
			isa = XCBuildConfiguration;
			buildSettings = {
				ASSETCATALOG_COMPILER_APPICON_NAME = AppIcon;
				INFOPLIST_FILE = CoreData_Multithreaded/Info.plist;
				LD_RUNPATH_SEARCH_PATHS = "$(inherited) @executable_path/Frameworks";
				PRODUCT_BUNDLE_IDENTIFIER = "akash.CoreData-Multithreaded";
				PRODUCT_NAME = "$(TARGET_NAME)";
			};
			name = Debug;
		};
		D2BD74601DBDE23100C7054C /* Release */ = {
			isa = XCBuildConfiguration;
			buildSettings = {
				ASSETCATALOG_COMPILER_APPICON_NAME = AppIcon;
				INFOPLIST_FILE = CoreData_Multithreaded/Info.plist;
				LD_RUNPATH_SEARCH_PATHS = "$(inherited) @executable_path/Frameworks";
				PRODUCT_BUNDLE_IDENTIFIER = "akash.CoreData-Multithreaded";
				PRODUCT_NAME = "$(TARGET_NAME)";
			};
			name = Release;
		};
/* End XCBuildConfiguration section */

/* Begin XCConfigurationList section */
		D2BD743F1DBDE23000C7054C /* Build configuration list for PBXProject "CoreData_Multithreaded" */ = {
			isa = XCConfigurationList;
			buildConfigurations = (
				D2BD745C1DBDE23100C7054C /* Debug */,
				D2BD745D1DBDE23100C7054C /* Release */,
			);
			defaultConfigurationIsVisible = 0;
			defaultConfigurationName = Release;
		};
		D2BD745E1DBDE23100C7054C /* Build configuration list for PBXNativeTarget "CoreData_Multithreaded" */ = {
			isa = XCConfigurationList;
			buildConfigurations = (
				D2BD745F1DBDE23100C7054C /* Debug */,
				D2BD74601DBDE23100C7054C /* Release */,
			);
			defaultConfigurationIsVisible = 0;
			defaultConfigurationName = Release;
		};
/* End XCConfigurationList section */

/* Begin XCVersionGroup section */
		D2BD74531DBDE23100C7054C /* CoreData_Multithreaded.xcdatamodeld */ = {
			isa = XCVersionGroup;
			children = (
				D2BD74541DBDE23100C7054C /* CoreData_Multithreaded.xcdatamodel */,
			);
			currentVersion = D2BD74541DBDE23100C7054C /* CoreData_Multithreaded.xcdatamodel */;
			path = CoreData_Multithreaded.xcdatamodeld;
			sourceTree = "<group>";
			versionGroupType = wrapper.xcdatamodel;
		};
/* End XCVersionGroup section */
	};
	rootObject = D2BD743C1DBDE23000C7054C /* Project object */;
}
